// !$*UTF8*$!
{
	archiveVersion = 1;
	classes = {
	};
	objectVersion = 46;
	objects = {

/* Begin PBXBuildFile section */
		809FC3AC1D56582F000F3763 /* AppDelegate.swift in Sources */ = {isa = PBXBuildFile; fileRef = 809FC3A41D56582F000F3763 /* AppDelegate.swift */; };
		809FC3AD1D56582F000F3763 /* Assets.xcassets in Resources */ = {isa = PBXBuildFile; fileRef = 809FC3A51D56582F000F3763 /* Assets.xcassets */; };
		809FC3AE1D56582F000F3763 /* LaunchScreen.storyboard in Resources */ = {isa = PBXBuildFile; fileRef = 809FC3A61D56582F000F3763 /* LaunchScreen.storyboard */; };
		809FC3AF1D56582F000F3763 /* Main.storyboard in Resources */ = {isa = PBXBuildFile; fileRef = 809FC3A81D56582F000F3763 /* Main.storyboard */; };
		809FC3B11D56582F000F3763 /* ViewController.swift in Sources */ = {isa = PBXBuildFile; fileRef = 809FC3AB1D56582F000F3763 /* ViewController.swift */; };
		809FC3B31D565875000F3763 /* UIDevice+DeviceColor.swift in Sources */ = {isa = PBXBuildFile; fileRef = 809FC3B21D565875000F3763 /* UIDevice+DeviceColor.swift */; };
/* End PBXBuildFile section */

/* Begin PBXFileReference section */
		809FC38D1D55D699000F3763 /* DeviceColor.app */ = {isa = PBXFileReference; explicitFileType = wrapper.application; includeInIndex = 0; path = DeviceColor.app; sourceTree = BUILT_PRODUCTS_DIR; };
		809FC3A41D56582F000F3763 /* AppDelegate.swift */ = {isa = PBXFileReference; fileEncoding = 4; lastKnownFileType = sourcecode.swift; path = AppDelegate.swift; sourceTree = "<group>"; };
		809FC3A51D56582F000F3763 /* Assets.xcassets */ = {isa = PBXFileReference; lastKnownFileType = folder.assetcatalog; path = Assets.xcassets; sourceTree = "<group>"; };
		809FC3A71D56582F000F3763 /* Base */ = {isa = PBXFileReference; lastKnownFileType = file.storyboard; name = Base; path = Base.lproj/LaunchScreen.storyboard; sourceTree = "<group>"; };
		809FC3A91D56582F000F3763 /* Base */ = {isa = PBXFileReference; lastKnownFileType = file.storyboard; name = Base; path = Base.lproj/Main.storyboard; sourceTree = "<group>"; };
		809FC3AA1D56582F000F3763 /* Info.plist */ = {isa = PBXFileReference; fileEncoding = 4; lastKnownFileType = text.plist.xml; path = Info.plist; sourceTree = "<group>"; };
		809FC3AB1D56582F000F3763 /* ViewController.swift */ = {isa = PBXFileReference; fileEncoding = 4; lastKnownFileType = sourcecode.swift; path = ViewController.swift; sourceTree = "<group>"; };
		809FC3B21D565875000F3763 /* UIDevice+DeviceColor.swift */ = {isa = PBXFileReference; fileEncoding = 4; lastKnownFileType = sourcecode.swift; path = "UIDevice+DeviceColor.swift"; sourceTree = "<group>"; };
/* End PBXFileReference section */

/* Begin PBXFrameworksBuildPhase section */
		809FC38A1D55D698000F3763 /* Frameworks */ = {
			isa = PBXFrameworksBuildPhase;
			buildActionMask = 2147483647;
			files = (
			);
			runOnlyForDeploymentPostprocessing = 0;
		};
/* End PBXFrameworksBuildPhase section */

/* Begin PBXGroup section */
		809FC3841D55D698000F3763 = {
			isa = PBXGroup;
			children = (
				809FC3A31D56582F000F3763 /* DeviceColor */,
				809FC38E1D55D699000F3763 /* Products */,
			);
			sourceTree = "<group>";
		};
		809FC38E1D55D699000F3763 /* Products */ = {
			isa = PBXGroup;
			children = (
				809FC38D1D55D699000F3763 /* DeviceColor.app */,
			);
			name = Products;
			sourceTree = "<group>";
		};
		809FC3A31D56582F000F3763 /* DeviceColor */ = {
			isa = PBXGroup;
			children = (
				809FC3A41D56582F000F3763 /* AppDelegate.swift */,
				809FC3A51D56582F000F3763 /* Assets.xcassets */,
				809FC3A61D56582F000F3763 /* LaunchScreen.storyboard */,
				809FC3A81D56582F000F3763 /* Main.storyboard */,
				809FC3AA1D56582F000F3763 /* Info.plist */,
				809FC3AB1D56582F000F3763 /* ViewController.swift */,
				809FC3B21D565875000F3763 /* UIDevice+DeviceColor.swift */,
			);
			path = DeviceColor;
			sourceTree = "<group>";
		};
/* End PBXGroup section */

/* Begin PBXNativeTarget section */
		809FC38C1D55D698000F3763 /* DeviceColor */ = {
			isa = PBXNativeTarget;
			buildConfigurationList = 809FC39F1D55D699000F3763 /* Build configuration list for PBXNativeTarget "DeviceColor" */;
			buildPhases = (
				809FC3891D55D698000F3763 /* Sources */,
				809FC38A1D55D698000F3763 /* Frameworks */,
				809FC38B1D55D698000F3763 /* Resources */,
			);
			buildRules = (
			);
			dependencies = (
			);
			name = DeviceColor;
			productName = "device-color-theme";
			productReference = 809FC38D1D55D699000F3763 /* DeviceColor.app */;
			productType = "com.apple.product-type.application";
		};
/* End PBXNativeTarget section */

/* Begin PBXProject section */
		809FC3851D55D698000F3763 /* Project object */ = {
			isa = PBXProject;
			attributes = {
				LastSwiftUpdateCheck = 0800;
				LastUpgradeCheck = 0810;
				ORGANIZATIONNAME = "Emil Bogren";
				TargetAttributes = {
					809FC38C1D55D698000F3763 = {
						CreatedOnToolsVersion = 8.0;
						DevelopmentTeam = FY2ASZBNJ4;
						LastSwiftMigration = 0810;
						ProvisioningStyle = Automatic;
					};
				};
			};
			buildConfigurationList = 809FC3881D55D698000F3763 /* Build configuration list for PBXProject "DeviceColor" */;
			compatibilityVersion = "Xcode 3.2";
			developmentRegion = English;
			hasScannedForEncodings = 0;
			knownRegions = (
				en,
				Base,
			);
			mainGroup = 809FC3841D55D698000F3763;
			productRefGroup = 809FC38E1D55D699000F3763 /* Products */;
			projectDirPath = "";
			projectRoot = "";
			targets = (
				809FC38C1D55D698000F3763 /* DeviceColor */,
			);
		};
/* End PBXProject section */

/* Begin PBXResourcesBuildPhase section */
		809FC38B1D55D698000F3763 /* Resources */ = {
			isa = PBXResourcesBuildPhase;
			buildActionMask = 2147483647;
			files = (
				809FC3AD1D56582F000F3763 /* Assets.xcassets in Resources */,
				809FC3AF1D56582F000F3763 /* Main.storyboard in Resources */,
				809FC3AE1D56582F000F3763 /* LaunchScreen.storyboard in Resources */,
			);
			runOnlyForDeploymentPostprocessing = 0;
		};
/* End PBXResourcesBuildPhase section */

/* Begin PBXSourcesBuildPhase section */
		809FC3891D55D698000F3763 /* Sources */ = {
			isa = PBXSourcesBuildPhase;
			buildActionMask = 2147483647;
			files = (
				809FC3AC1D56582F000F3763 /* AppDelegate.swift in Sources */,
				809FC3B11D56582F000F3763 /* ViewController.swift in Sources */,
				809FC3B31D565875000F3763 /* UIDevice+DeviceColor.swift in Sources */,
			);
			runOnlyForDeploymentPostprocessing = 0;
		};
/* End PBXSourcesBuildPhase section */

/* Begin PBXVariantGroup section */
		809FC3A61D56582F000F3763 /* LaunchScreen.storyboard */ = {
			isa = PBXVariantGroup;
			children = (
				809FC3A71D56582F000F3763 /* Base */,
			);
			name = LaunchScreen.storyboard;
			sourceTree = "<group>";
		};
		809FC3A81D56582F000F3763 /* Main.storyboard */ = {
			isa = PBXVariantGroup;
			children = (
				809FC3A91D56582F000F3763 /* Base */,
			);
			name = Main.storyboard;
			sourceTree = "<group>";
		};
/* End PBXVariantGroup section */

/* Begin XCBuildConfiguration section */
		809FC39D1D55D699000F3763 /* Debug */ = {
			isa = XCBuildConfiguration;
			buildSettings = {
				ALWAYS_SEARCH_USER_PATHS = NO;
				CLANG_ANALYZER_NONNULL = YES;
				CLANG_CXX_LANGUAGE_STANDARD = "gnu++0x";
				CLANG_CXX_LIBRARY = "libc++";
				CLANG_ENABLE_MODULES = YES;
				CLANG_ENABLE_OBJC_ARC = YES;
				CLANG_WARN_BOOL_CONVERSION = YES;
				CLANG_WARN_CONSTANT_CONVERSION = YES;
				CLANG_WARN_DIRECT_OBJC_ISA_USAGE = YES_ERROR;
				CLANG_WARN_DOCUMENTATION_COMMENTS = YES;
				CLANG_WARN_EMPTY_BODY = YES;
				CLANG_WARN_ENUM_CONVERSION = YES;
				CLANG_WARN_INFINITE_RECURSION = YES;
				CLANG_WARN_INT_CONVERSION = YES;
				CLANG_WARN_OBJC_ROOT_CLASS = YES_ERROR;
				CLANG_WARN_SUSPICIOUS_MOVE = YES;
				CLANG_WARN_SUSPICIOUS_MOVES = YES;
				CLANG_WARN_UNREACHABLE_CODE = YES;
				CLANG_WARN__DUPLICATE_METHOD_MATCH = YES;
				"CODE_SIGN_IDENTITY[sdk=iphoneos*]" = "iPhone Developer";
				COPY_PHASE_STRIP = NO;
				DEBUG_INFORMATION_FORMAT = dwarf;
				ENABLE_STRICT_OBJC_MSGSEND = YES;
				ENABLE_TESTABILITY = YES;
				GCC_C_LANGUAGE_STANDARD = gnu99;
				GCC_DYNAMIC_NO_PIC = NO;
				GCC_NO_COMMON_BLOCKS = YES;
				GCC_OPTIMIZATION_LEVEL = 0;
				GCC_PREPROCESSOR_DEFINITIONS = (
					"DEBUG=1",
					"$(inherited)",
				);
				GCC_WARN_64_TO_32_BIT_CONVERSION = YES;
				GCC_WARN_ABOUT_RETURN_TYPE = YES_ERROR;
				GCC_WARN_UNDECLARED_SELECTOR = YES;
				GCC_WARN_UNINITIALIZED_AUTOS = YES_AGGRESSIVE;
				GCC_WARN_UNUSED_FUNCTION = YES;
				GCC_WARN_UNUSED_VARIABLE = YES;
				IPHONEOS_DEPLOYMENT_TARGET = 10.0;
				MTL_ENABLE_DEBUG_INFO = YES;
				ONLY_ACTIVE_ARCH = YES;
				SDKROOT = iphoneos;
				SWIFT_ACTIVE_COMPILATION_CONDITIONS = DEBUG;
				SWIFT_OPTIMIZATION_LEVEL = "-Onone";
			};
			name = Debug;
		};
		809FC39E1D55D699000F3763 /* Release */ = {
			isa = XCBuildConfiguration;
			buildSettings = {
				ALWAYS_SEARCH_USER_PATHS = NO;
				CLANG_ANALYZER_NONNULL = YES;
				CLANG_CXX_LANGUAGE_STANDARD = "gnu++0x";
				CLANG_CXX_LIBRARY = "libc++";
				CLANG_ENABLE_MODULES = YES;
				CLANG_ENABLE_OBJC_ARC = YES;
				CLANG_WARN_BOOL_CONVERSION = YES;
				CLANG_WARN_CONSTANT_CONVERSION = YES;
				CLANG_WARN_DIRECT_OBJC_ISA_USAGE = YES_ERROR;
				CLANG_WARN_DOCUMENTATION_COMMENTS = YES;
				CLANG_WARN_EMPTY_BODY = YES;
				CLANG_WARN_ENUM_CONVERSION = YES;
				CLANG_WARN_INFINITE_RECURSION = YES;
				CLANG_WARN_INT_CONVERSION = YES;
				CLANG_WARN_OBJC_ROOT_CLASS = YES_ERROR;
				CLANG_WARN_SUSPICIOUS_MOVE = YES;
				CLANG_WARN_SUSPICIOUS_MOVES = YES;
				CLANG_WARN_UNREACHABLE_CODE = YES;
				CLANG_WARN__DUPLICATE_METHOD_MATCH = YES;
				"CODE_SIGN_IDENTITY[sdk=iphoneos*]" = "iPhone Developer";
				COPY_PHASE_STRIP = NO;
				DEBUG_INFORMATION_FORMAT = "dwarf-with-dsym";
				ENABLE_NS_ASSERTIONS = NO;
				ENABLE_STRICT_OBJC_MSGSEND = YES;
				GCC_C_LANGUAGE_STANDARD = gnu99;
				GCC_NO_COMMON_BLOCKS = YES;
				GCC_WARN_64_TO_32_BIT_CONVERSION = YES;
				GCC_WARN_ABOUT_RETURN_TYPE = YES_ERROR;
				GCC_WARN_UNDECLARED_SELECTOR = YES;
				GCC_WARN_UNINITIALIZED_AUTOS = YES_AGGRESSIVE;
				GCC_WARN_UNUSED_FUNCTION = YES;
				GCC_WARN_UNUSED_VARIABLE = YES;
				IPHONEOS_DEPLOYMENT_TARGET = 10.0;
				MTL_ENABLE_DEBUG_INFO = NO;
				SDKROOT = iphoneos;
				SWIFT_OPTIMIZATION_LEVEL = "-Owholemodule";
				VALIDATE_PRODUCT = YES;
			};
			name = Release;
		};
		809FC3A01D55D699000F3763 /* Debug */ = {
			isa = XCBuildConfiguration;
			buildSettings = {
				ASSETCATALOG_COMPILER_APPICON_NAME = AppIcon;
				DEVELOPMENT_TEAM = FY2ASZBNJ4;
				INFOPLIST_FILE = "$(SRCROOT)/DeviceColor/Info.plist";
				LD_RUNPATH_SEARCH_PATHS = "$(inherited) @executable_path/Frameworks";
				PRODUCT_BUNDLE_IDENTIFIER = com.emilbogren.DeviceColor;
				PRODUCT_NAME = "$(TARGET_NAME)";
				SWIFT_VERSION = 3.0;
			};
			name = Debug;
		};
		809FC3A11D55D699000F3763 /* Release */ = {
			isa = XCBuildConfiguration;
			buildSettings = {
				ASSETCATALOG_COMPILER_APPICON_NAME = AppIcon;
				DEVELOPMENT_TEAM = FY2ASZBNJ4;
				INFOPLIST_FILE = "$(SRCROOT)/DeviceColor/Info.plist";
				LD_RUNPATH_SEARCH_PATHS = "$(inherited) @executable_path/Frameworks";
				PRODUCT_BUNDLE_IDENTIFIER = com.emilbogren.DeviceColor;
				PRODUCT_NAME = "$(TARGET_NAME)";
				SWIFT_VERSION = 3.0;
			};
			name = Release;
		};
/* End XCBuildConfiguration section */

/* Begin XCConfigurationList section */
		809FC3881D55D698000F3763 /* Build configuration list for PBXProject "DeviceColor" */ = {
			isa = XCConfigurationList;
			buildConfigurations = (
				809FC39D1D55D699000F3763 /* Debug */,
				809FC39E1D55D699000F3763 /* Release */,
			);
			defaultConfigurationIsVisible = 0;
			defaultConfigurationName = Release;
		};
		809FC39F1D55D699000F3763 /* Build configuration list for PBXNativeTarget "DeviceColor" */ = {
			isa = XCConfigurationList;
			buildConfigurations = (
				809FC3A01D55D699000F3763 /* Debug */,
				809FC3A11D55D699000F3763 /* Release */,
			);
			defaultConfigurationIsVisible = 0;
			defaultConfigurationName = Release;
		};
/* End XCConfigurationList section */
	};
	rootObject = 809FC3851D55D698000F3763 /* Project object */;
}
